<Solution>
  <Folder Name="/tools/">
    <Project Path="tools/SmartAttendance.E2E.Bootstrap/SmartAttendance.E2E.Bootstrap.csproj" />
    <Project Path="tools/SmartAttendance.LocalizationCatalog/SmartAttendance.LocalizationCatalog.csproj" />
  </Folder>
  <Project Path="SmartAttendance.API/SmartAttendance.API.csproj" />
  <Project Path="SmartAttendance.Application/SmartAttendance.Application.csproj" />
  <Project Path="SmartAttendance.Domain/SmartAttendance.Domain.csproj" />
  <Project Path="SmartAttendance.E2E/SmartAttendance.E2E.csproj" />
  <Project Path="SmartAttendance.Infrastructure/SmartAttendance.Infrastructure.csproj" />
  <Project Path="SmartAttendance.Tests/SmartAttendance.Tests.csproj" />
  <Project Path="SmartAttendance.Web/SmartAttendance.Web.csproj" />
</Solution>
